
Microsoft Visual Studio Solution File, Format Version 12.00
# Visual Studio 15
VisualStudioVersion = 15.0.28010.2046
MinimumVisualStudioVersion = 10.0.40219.1
Project("{FAE04EC0-301F-11D3-BF4B-00C04F79EFBC}") = "SatisfactionInfo", "SatisfactionInfo\SatisfactionInfo.csproj", "{06C8BD6F-62B6-4A50-9B93-362951D08CCE}"
EndProject
Global
	GlobalSection(SolutionConfigurationPlatforms) = preSolution
		Debug|Any CPU = Debug|Any CPU
		Release|Any CPU = Release|Any CPU
	EndGlobalSection
	GlobalSection(ProjectConfigurationPlatforms) = postSolution
		{06C8BD6F-62B6-4A50-9B93-362951D08CCE}.Debug|Any CPU.ActiveCfg = Debug|Any CPU
		{06C8BD6F-62B6-4A50-9B93-362951D08CCE}.Debug|Any CPU.Build.0 = Debug|Any CPU
		{06C8BD6F-62B6-4A50-9B93-362951D08CCE}.Release|Any CPU.ActiveCfg = Release|Any CPU
		{06C8BD6F-62B6-4A50-9B93-362951D08CCE}.Release|Any CPU.Build.0 = Release|Any CPU
	EndGlobalSection
	GlobalSection(SolutionProperties) = preSolution
		HideSolutionNode = FALSE
	EndGlobalSection
	GlobalSection(ExtensibilityGlobals) = postSolution
		SolutionGuid = {4EE8194D-C877-4322-8324-79C0AF1C0BF1}
	EndGlobalSection
EndGlobal
